PODS:
  - Alamofire (4.9.1)
  - SDWebImage (5.19.1):
    - SDWebImage/Core (= 5.19.1)
  - SDWebImage/Core (5.19.1)
  - SwiftyJSON (5.0.2)

DEPENDENCIES:
  - Alamofire (~> 4.4)
  - SDWebImage
  - SwiftyJSON

SPEC REPOS:
  trunk:
    - Alamofire
    - SDWebImage
    - SwiftyJSON

SPEC CHECKSUMS:
  Alamofire: 85e8a02c69d6020a0d734f6054870d7ecb75cf18
  SDWebImage: 40b0b4053e36c660a764958bff99eed16610acbb
  SwiftyJSON: f5b1bf1cd8dd53cd25887ac0eabcfd92301c6a5a

PODFILE CHECKSUM: 42db5a6f581d8c73442d640bc3efbd54d516dc15

COCOAPODS: 1.14.3
